
Microsoft Visual Studio Solution File, Format Version 12.00
# Visual Studio 15
VisualStudioVersion = 15.0.28307.329
MinimumVisualStudioVersion = 10.0.40219.1
Project("{FAE04EC0-301F-11D3-BF4B-00C04F79EFBC}") = "DatasetExample", "DatasetExample\DatasetExample.csproj", "{B3C1130B-E037-41E3-9093-DC799FB273CE}"
EndProject
Global
	GlobalSection(SolutionConfigurationPlatforms) = preSolution
		Debug|Any CPU = Debug|Any CPU
		Release|Any CPU = Release|Any CPU
	EndGlobalSection
	GlobalSection(ProjectConfigurationPlatforms) = postSolution
		{B3C1130B-E037-41E3-9093-DC799FB273CE}.Debug|Any CPU.ActiveCfg = Debug|Any CPU
		{B3C1130B-E037-41E3-9093-DC799FB273CE}.Debug|Any CPU.Build.0 = Debug|Any CPU
		{B3C1130B-E037-41E3-9093-DC799FB273CE}.Release|Any CPU.ActiveCfg = Release|Any CPU
		{B3C1130B-E037-41E3-9093-DC799FB273CE}.Release|Any CPU.Build.0 = Release|Any CPU
	EndGlobalSection
	GlobalSection(SolutionProperties) = preSolution
		HideSolutionNode = FALSE
	EndGlobalSection
	GlobalSection(ExtensibilityGlobals) = postSolution
		SolutionGuid = {8AB6AE71-E79C-46AB-ADD0-F567092186F2}
	EndGlobalSection
EndGlobal
