
Microsoft Visual Studio Solution File, Format Version 12.00
# Visual Studio 15
VisualStudioVersion = 15.0.28307.329
MinimumVisualStudioVersion = 10.0.40219.1
Project("{FAE04EC0-301F-11D3-BF4B-00C04F79EFBC}") = "Classes-Abstract-Virtual", "Classes-Abstract-Virtual\Classes-Abstract-Virtual.csproj", "{0AE76B02-1856-4B9D-85BD-432538205447}"
EndProject
Global
	GlobalSection(SolutionConfigurationPlatforms) = preSolution
		Debug|Any CPU = Debug|Any CPU
		Release|Any CPU = Release|Any CPU
	EndGlobalSection
	GlobalSection(ProjectConfigurationPlatforms) = postSolution
		{0AE76B02-1856-4B9D-85BD-432538205447}.Debug|Any CPU.ActiveCfg = Debug|Any CPU
		{0AE76B02-1856-4B9D-85BD-432538205447}.Debug|Any CPU.Build.0 = Debug|Any CPU
		{0AE76B02-1856-4B9D-85BD-432538205447}.Release|Any CPU.ActiveCfg = Release|Any CPU
		{0AE76B02-1856-4B9D-85BD-432538205447}.Release|Any CPU.Build.0 = Release|Any CPU
	EndGlobalSection
	GlobalSection(SolutionProperties) = preSolution
		HideSolutionNode = FALSE
	EndGlobalSection
	GlobalSection(ExtensibilityGlobals) = postSolution
		SolutionGuid = {4D633ADF-1084-495C-A3B1-F37DB2A0FADD}
	EndGlobalSection
EndGlobal
