
Microsoft Visual Studio Solution File, Format Version 12.00
# Visual Studio 15
VisualStudioVersion = 15.0.28307.705
MinimumVisualStudioVersion = 10.0.40219.1
Project("{FAE04EC0-301F-11D3-BF4B-00C04F79EFBC}") = "Inheritance", "Inheritance\Inheritance.csproj", "{B6BE760C-9AC9-45B8-B1EA-76DEC09230CE}"
EndProject
Global
	GlobalSection(SolutionConfigurationPlatforms) = preSolution
		Debug|Any CPU = Debug|Any CPU
		Release|Any CPU = Release|Any CPU
	EndGlobalSection
	GlobalSection(ProjectConfigurationPlatforms) = postSolution
		{B6BE760C-9AC9-45B8-B1EA-76DEC09230CE}.Debug|Any CPU.ActiveCfg = Debug|Any CPU
		{B6BE760C-9AC9-45B8-B1EA-76DEC09230CE}.Debug|Any CPU.Build.0 = Debug|Any CPU
		{B6BE760C-9AC9-45B8-B1EA-76DEC09230CE}.Release|Any CPU.ActiveCfg = Release|Any CPU
		{B6BE760C-9AC9-45B8-B1EA-76DEC09230CE}.Release|Any CPU.Build.0 = Release|Any CPU
	EndGlobalSection
	GlobalSection(SolutionProperties) = preSolution
		HideSolutionNode = FALSE
	EndGlobalSection
	GlobalSection(ExtensibilityGlobals) = postSolution
		SolutionGuid = {A1B9EA07-BA1B-4656-8E6B-1701C41BE4E8}
	EndGlobalSection
EndGlobal
