
Microsoft Visual Studio Solution File, Format Version 12.00
# Visual Studio 15
VisualStudioVersion = 15.0.28307.329
MinimumVisualStudioVersion = 10.0.40219.1
Project("{FAE04EC0-301F-11D3-BF4B-00C04F79EFBC}") = "ConsoleApp2", "ConsoleApp2\ConsoleApp2.csproj", "{F092A65D-17B5-493F-BBBB-96C6ECED856C}"
EndProject
Global
	GlobalSection(SolutionConfigurationPlatforms) = preSolution
		Debug|Any CPU = Debug|Any CPU
		Release|Any CPU = Release|Any CPU
	EndGlobalSection
	GlobalSection(ProjectConfigurationPlatforms) = postSolution
		{F092A65D-17B5-493F-BBBB-96C6ECED856C}.Debug|Any CPU.ActiveCfg = Debug|Any CPU
		{F092A65D-17B5-493F-BBBB-96C6ECED856C}.Debug|Any CPU.Build.0 = Debug|Any CPU
		{F092A65D-17B5-493F-BBBB-96C6ECED856C}.Release|Any CPU.ActiveCfg = Release|Any CPU
		{F092A65D-17B5-493F-BBBB-96C6ECED856C}.Release|Any CPU.Build.0 = Release|Any CPU
	EndGlobalSection
	GlobalSection(SolutionProperties) = preSolution
		HideSolutionNode = FALSE
	EndGlobalSection
	GlobalSection(ExtensibilityGlobals) = postSolution
		SolutionGuid = {97104F48-A59D-427E-8074-B97D8150D50E}
	EndGlobalSection
EndGlobal
