
Microsoft Visual Studio Solution File, Format Version 12.00
# Visual Studio 15
VisualStudioVersion = 15.0.28307.329
MinimumVisualStudioVersion = 10.0.40219.1
Project("{FAE04EC0-301F-11D3-BF4B-00C04F79EFBC}") = "EntityFramework", "EntityFramework\EntityFramework.csproj", "{1461A1AB-AFF7-49E0-A317-C13659F43B3B}"
EndProject
Global
	GlobalSection(SolutionConfigurationPlatforms) = preSolution
		Debug|Any CPU = Debug|Any CPU
		Release|Any CPU = Release|Any CPU
	EndGlobalSection
	GlobalSection(ProjectConfigurationPlatforms) = postSolution
		{1461A1AB-AFF7-49E0-A317-C13659F43B3B}.Debug|Any CPU.ActiveCfg = Debug|Any CPU
		{1461A1AB-AFF7-49E0-A317-C13659F43B3B}.Debug|Any CPU.Build.0 = Debug|Any CPU
		{1461A1AB-AFF7-49E0-A317-C13659F43B3B}.Release|Any CPU.ActiveCfg = Release|Any CPU
		{1461A1AB-AFF7-49E0-A317-C13659F43B3B}.Release|Any CPU.Build.0 = Release|Any CPU
	EndGlobalSection
	GlobalSection(SolutionProperties) = preSolution
		HideSolutionNode = FALSE
	EndGlobalSection
	GlobalSection(ExtensibilityGlobals) = postSolution
		SolutionGuid = {3C4D848D-8902-4556-98C9-E28A9233096A}
	EndGlobalSection
EndGlobal
