
Microsoft Visual Studio Solution File, Format Version 12.00
# Visual Studio 15
VisualStudioVersion = 15.0.28307.329
MinimumVisualStudioVersion = 10.0.40219.1
Project("{FAE04EC0-301F-11D3-BF4B-00C04F79EFBC}") = "Properties-Sample", "Properties-Sample\Properties-Sample.csproj", "{2F5DB66E-37C7-46D1-856D-90DADFD82331}"
EndProject
Global
	GlobalSection(SolutionConfigurationPlatforms) = preSolution
		Debug|Any CPU = Debug|Any CPU
		Release|Any CPU = Release|Any CPU
	EndGlobalSection
	GlobalSection(ProjectConfigurationPlatforms) = postSolution
		{2F5DB66E-37C7-46D1-856D-90DADFD82331}.Debug|Any CPU.ActiveCfg = Debug|Any CPU
		{2F5DB66E-37C7-46D1-856D-90DADFD82331}.Debug|Any CPU.Build.0 = Debug|Any CPU
		{2F5DB66E-37C7-46D1-856D-90DADFD82331}.Release|Any CPU.ActiveCfg = Release|Any CPU
		{2F5DB66E-37C7-46D1-856D-90DADFD82331}.Release|Any CPU.Build.0 = Release|Any CPU
	EndGlobalSection
	GlobalSection(SolutionProperties) = preSolution
		HideSolutionNode = FALSE
	EndGlobalSection
	GlobalSection(ExtensibilityGlobals) = postSolution
		SolutionGuid = {0653AB95-EF26-4AF5-9E62-783157A7F6DD}
	EndGlobalSection
EndGlobal
